
Microsoft Visual Studio Solution File, Format Version 12.00
# Visual Studio Version 17
VisualStudioVersion = 17.0.32014.148
MinimumVisualStudioVersion = 10.0.40219.1
Project("{9A19103F-16F7-4668-BE54-9A1E7A4F7556}") = "SmartCloud", "SmartCloud\SmartCloud.csproj", "{19A003C8-EDE2-47BB-9B98-0AC1E16E9C34}"
EndProject
Project("{9A19103F-16F7-4668-BE54-9A1E7A4F7556}") = "Microserviciu1", "Microserviciu1\Microserviciu1.csproj", "{FCEB5CC3-32DB-4DCA-93CA-E3795A067C06}"
EndProject
Project("{9A19103F-16F7-4668-BE54-9A1E7A4F7556}") = "Microserviciu2", "Microserviciu2\Microserviciu2.csproj", "{CE9BA4C8-C364-4F8B-8DEB-BDADB2B3C585}"
EndProject
Project("{FAE04EC0-301F-11D3-BF4B-00C04F79EFBC}") = "LibraryData", "LibraryData\LibraryData.csproj", "{BC014119-8B9C-4AEC-8C2C-80A4F49696EC}"
EndProject
Global
	GlobalSection(SolutionConfigurationPlatforms) = preSolution
		Debug|Any CPU = Debug|Any CPU
		Release|Any CPU = Release|Any CPU
	EndGlobalSection
	GlobalSection(ProjectConfigurationPlatforms) = postSolution
		{19A003C8-EDE2-47BB-9B98-0AC1E16E9C34}.Debug|Any CPU.ActiveCfg = Debug|Any CPU
		{19A003C8-EDE2-47BB-9B98-0AC1E16E9C34}.Debug|Any CPU.Build.0 = Debug|Any CPU
		{19A003C8-EDE2-47BB-9B98-0AC1E16E9C34}.Release|Any CPU.ActiveCfg = Release|Any CPU
		{19A003C8-EDE2-47BB-9B98-0AC1E16E9C34}.Release|Any CPU.Build.0 = Release|Any CPU
		{FCEB5CC3-32DB-4DCA-93CA-E3795A067C06}.Debug|Any CPU.ActiveCfg = Debug|Any CPU
		{FCEB5CC3-32DB-4DCA-93CA-E3795A067C06}.Debug|Any CPU.Build.0 = Debug|Any CPU
		{FCEB5CC3-32DB-4DCA-93CA-E3795A067C06}.Release|Any CPU.ActiveCfg = Release|Any CPU
		{FCEB5CC3-32DB-4DCA-93CA-E3795A067C06}.Release|Any CPU.Build.0 = Release|Any CPU
		{CE9BA4C8-C364-4F8B-8DEB-BDADB2B3C585}.Debug|Any CPU.ActiveCfg = Debug|Any CPU
		{CE9BA4C8-C364-4F8B-8DEB-BDADB2B3C585}.Debug|Any CPU.Build.0 = Debug|Any CPU
		{CE9BA4C8-C364-4F8B-8DEB-BDADB2B3C585}.Release|Any CPU.ActiveCfg = Release|Any CPU
		{CE9BA4C8-C364-4F8B-8DEB-BDADB2B3C585}.Release|Any CPU.Build.0 = Release|Any CPU
		{BC014119-8B9C-4AEC-8C2C-80A4F49696EC}.Debug|Any CPU.ActiveCfg = Debug|Any CPU
		{BC014119-8B9C-4AEC-8C2C-80A4F49696EC}.Debug|Any CPU.Build.0 = Debug|Any CPU
		{BC014119-8B9C-4AEC-8C2C-80A4F49696EC}.Release|Any CPU.ActiveCfg = Release|Any CPU
		{BC014119-8B9C-4AEC-8C2C-80A4F49696EC}.Release|Any CPU.Build.0 = Release|Any CPU
	EndGlobalSection
	GlobalSection(SolutionProperties) = preSolution
		HideSolutionNode = FALSE
	EndGlobalSection
	GlobalSection(ExtensibilityGlobals) = postSolution
		SolutionGuid = {D2C2E31F-4AEB-4ADA-A94A-19E5E4B0EBC8}
	EndGlobalSection
EndGlobal
